
Microsoft Visual Studio Solution File, Format Version 12.00
# Visual Studio Version 17
VisualStudioVersion = 17.3.32929.385
MinimumVisualStudioVersion = 10.0.40219.1
Project("{FAE04EC0-301F-11D3-BF4B-00C04F79EFBC}") = "APIsAndJSON(Quotes Exertcise)", "APIsAndJSON(Quotes Exertcise)\APIsAndJSON(Quotes Exertcise).csproj", "{52D9C4D6-7436-4BD8-A653-116B5AFF20CB}"
EndProject
Global
	GlobalSection(SolutionConfigurationPlatforms) = preSolution
		Debug|Any CPU = Debug|Any CPU
		Release|Any CPU = Release|Any CPU
	EndGlobalSection
	GlobalSection(ProjectConfigurationPlatforms) = postSolution
		{52D9C4D6-7436-4BD8-A653-116B5AFF20CB}.Debug|Any CPU.ActiveCfg = Debug|Any CPU
		{52D9C4D6-7436-4BD8-A653-116B5AFF20CB}.Debug|Any CPU.Build.0 = Debug|Any CPU
		{52D9C4D6-7436-4BD8-A653-116B5AFF20CB}.Release|Any CPU.ActiveCfg = Release|Any CPU
		{52D9C4D6-7436-4BD8-A653-116B5AFF20CB}.Release|Any CPU.Build.0 = Release|Any CPU
	EndGlobalSection
	GlobalSection(SolutionProperties) = preSolution
		HideSolutionNode = FALSE
	EndGlobalSection
	GlobalSection(ExtensibilityGlobals) = postSolution
		SolutionGuid = {DB04D47E-9AF6-47EC-AAFF-B58C56AF8316}
	EndGlobalSection
EndGlobal
